{
  "name": "DMV",
  "lockfileVersion": 2,
  "requires": true,
  "packages": {
    "": {
      "dependencies": {
        "fontawesome": "^5.6.3"
      }
    },
    "node_modules/fontawesome": {
      "version": "5.6.3",
      "resolved": "https://registry.npmjs.org/fontawesome/-/fontawesome-5.6.3.tgz",
      "integrity": "sha512-FCc+CawwsJWWprVEg9X14yI7zI+l9YVAyhzgu70qwGeDn0tLLDH/dVfqgij72g4BBGgLGfK2qnvFGAmYUkhaWg=="
    }
  },
  "dependencies": {
    "fontawesome": {
      "version": "5.6.3",
      "resolved": "https://registry.npmjs.org/fontawesome/-/fontawesome-5.6.3.tgz",
      "integrity": "sha512-FCc+CawwsJWWprVEg9X14yI7zI+l9YVAyhzgu70qwGeDn0tLLDH/dVfqgij72g4BBGgLGfK2qnvFGAmYUkhaWg=="
    }
  }
}
